
Microsoft Visual Studio Solution File, Format Version 11.00
# Visual Studio 2010
Project("{2150E333-8FDC-42A3-9474-1A3956D46DE8}") = "Assemblies", "Assemblies", "{AED38CFA-F033-40A9-9609-F271A341376F}"
EndProject
Project("{2150E333-8FDC-42A3-9474-1A3956D46DE8}") = "Common.Logging", "Common.Logging", "{85906E37-763F-4288-976D-BFA56E69B2CC}"
	ProjectSection(SolutionItems) = preProject
		Assemblies\Common.Logging\Common.Logging.dll = Assemblies\Common.Logging\Common.Logging.dll
		Assemblies\Common.Logging\Common.Logging.EntLib.dll = Assemblies\Common.Logging\Common.Logging.EntLib.dll
		Assemblies\Common.Logging\Common.Logging.EntLib.pdb = Assemblies\Common.Logging\Common.Logging.EntLib.pdb
		Assemblies\Common.Logging\Common.Logging.EntLib.xml = Assemblies\Common.Logging\Common.Logging.EntLib.xml
		Assemblies\Common.Logging\Common.Logging.EntLib41.dll = Assemblies\Common.Logging\Common.Logging.EntLib41.dll
		Assemblies\Common.Logging\Common.Logging.EntLib41.pdb = Assemblies\Common.Logging\Common.Logging.EntLib41.pdb
		Assemblies\Common.Logging\Common.Logging.EntLib41.xml = Assemblies\Common.Logging\Common.Logging.EntLib41.xml
		Assemblies\Common.Logging\Common.Logging.Log4Net.dll = Assemblies\Common.Logging\Common.Logging.Log4Net.dll
		Assemblies\Common.Logging\Common.Logging.Log4Net.pdb = Assemblies\Common.Logging\Common.Logging.Log4Net.pdb
		Assemblies\Common.Logging\Common.Logging.Log4Net.xml = Assemblies\Common.Logging\Common.Logging.Log4Net.xml
		Assemblies\Common.Logging\Common.Logging.Log4Net129.dll = Assemblies\Common.Logging\Common.Logging.Log4Net129.dll
		Assemblies\Common.Logging\Common.Logging.Log4Net129.pdb = Assemblies\Common.Logging\Common.Logging.Log4Net129.pdb
		Assemblies\Common.Logging\Common.Logging.Log4Net129.xml = Assemblies\Common.Logging\Common.Logging.Log4Net129.xml
		Assemblies\Common.Logging\Common.Logging.NLog.dll = Assemblies\Common.Logging\Common.Logging.NLog.dll
		Assemblies\Common.Logging\Common.Logging.NLog.pdb = Assemblies\Common.Logging\Common.Logging.NLog.pdb
		Assemblies\Common.Logging\Common.Logging.NLog.xml = Assemblies\Common.Logging\Common.Logging.NLog.xml
		Assemblies\Common.Logging\Common.Logging.pdb = Assemblies\Common.Logging\Common.Logging.pdb
		Assemblies\Common.Logging\Common.Logging.xml = Assemblies\Common.Logging\Common.Logging.xml
	EndProjectSection
EndProject
Project("{2150E333-8FDC-42A3-9474-1A3956D46DE8}") = "Modules", "Modules", "{30ED844E-A58B-40C1-81D0-859FE751EE43}"
EndProject
Project("{2150E333-8FDC-42A3-9474-1A3956D46DE8}") = "Extensions", "Extensions", "{EE5C928B-16F5-4693-975E-B2BD2B4CBBA6}"
EndProject
Project("{2150E333-8FDC-42A3-9474-1A3956D46DE8}") = "NHibernate", "NHibernate", "{4CADE7A6-32A6-4E9C-8B1E-AA8ADFD1899D}"
	ProjectSection(SolutionItems) = preProject
		Assemblies\NHibernate\Antlr3.Runtime.dll = Assemblies\NHibernate\Antlr3.Runtime.dll
		Assemblies\NHibernate\Castle.Core.dll = Assemblies\NHibernate\Castle.Core.dll
		Assemblies\NHibernate\Castle.Core.xml = Assemblies\NHibernate\Castle.Core.xml
		Assemblies\NHibernate\Castle.DynamicProxy.license.txt = Assemblies\NHibernate\Castle.DynamicProxy.license.txt
		Assemblies\NHibernate\Castle.DynamicProxy2.dll = Assemblies\NHibernate\Castle.DynamicProxy2.dll
		Assemblies\NHibernate\Castle.DynamicProxy2.xml = Assemblies\NHibernate\Castle.DynamicProxy2.xml
		Assemblies\NHibernate\Iesi.Collections.dll = Assemblies\NHibernate\Iesi.Collections.dll
		Assemblies\NHibernate\Iesi.Collections.license.txt = Assemblies\NHibernate\Iesi.Collections.license.txt
		Assemblies\NHibernate\Iesi.Collections.xml = Assemblies\NHibernate\Iesi.Collections.xml
		Assemblies\NHibernate\NHibernate.ByteCode.Castle.dll = Assemblies\NHibernate\NHibernate.ByteCode.Castle.dll
		Assemblies\NHibernate\NHibernate.ByteCode.Castle.xml = Assemblies\NHibernate\NHibernate.ByteCode.Castle.xml
		Assemblies\NHibernate\NHibernate.dll = Assemblies\NHibernate\NHibernate.dll
		Assemblies\NHibernate\NHibernate.license.txt = Assemblies\NHibernate\NHibernate.license.txt
		Assemblies\NHibernate\NHibernate.xml = Assemblies\NHibernate\NHibernate.xml
	EndProjectSection
EndProject
Project("{2150E333-8FDC-42A3-9474-1A3956D46DE8}") = "Documents", "Documents", "{B588BCC9-1FB6-4DB0-B58C-9E0ED8229F12}"
EndProject
Project("{2150E333-8FDC-42A3-9474-1A3956D46DE8}") = "Library", "Library", "{84EBB391-0FFA-4F69-B5E5-32DFDB7261C4}"
EndProject
Project("{2150E333-8FDC-42A3-9474-1A3956D46DE8}") = "Xml", "Xml", "{1CC15A95-8D3B-4E36-9233-403FD8CFBEEF}"
	ProjectSection(SolutionItems) = preProject
		Documents\Library\Xml\Triton.Extensions.Graphml.XML = Documents\Library\Xml\Triton.Extensions.Graphml.XML
		Documents\Library\Xml\Triton.Modules.Membership.xml = Documents\Library\Xml\Triton.Modules.Membership.xml
	EndProjectSection
EndProject
Project("{FAE04EC0-301F-11D3-BF4B-00C04F79EFBC}") = "Core", "Core\Core.csproj", "{0B6862F8-503C-4BC6-91E5-B51E8DF5A18D}"
EndProject
Project("{FAE04EC0-301F-11D3-BF4B-00C04F79EFBC}") = "Graphml", "Extensions\Graphml\Graphml.csproj", "{B1520DBA-DB32-44A8-A0A1-705F0F3682C1}"
EndProject
Project("{FAE04EC0-301F-11D3-BF4B-00C04F79EFBC}") = "Extensions.NHibernate", "Extensions\NHibernate\Extensions.NHibernate.csproj", "{BD329E03-0C13-4A35-8790-A593A693D8AE}"
EndProject
Project("{FAE04EC0-301F-11D3-BF4B-00C04F79EFBC}") = "Web", "Extensions\Web\Web.csproj", "{9E7D4CDF-CED0-4414-BFE8-FECB637FC1F0}"
EndProject
Project("{FAE04EC0-301F-11D3-BF4B-00C04F79EFBC}") = "Location", "Modules\Location\Location.csproj", "{CDDF1942-BC2B-4607-9D61-FF3187323027}"
EndProject
Project("{FAE04EC0-301F-11D3-BF4B-00C04F79EFBC}") = "Media", "Modules\Media\Media.csproj", "{B2154FAC-C480-4C75-B357-CAD009AA488A}"
EndProject
Project("{FAE04EC0-301F-11D3-BF4B-00C04F79EFBC}") = "Membership", "Modules\Membership\Membership.csproj", "{67405377-7460-401D-8697-C155F2F6A7B1}"
EndProject
Project("{FAE04EC0-301F-11D3-BF4B-00C04F79EFBC}") = "Validator", "Modules\Validator\Validator.csproj", "{4D2A808E-5096-4FAA-AC04-1A75287A572C}"
EndProject
Global
	GlobalSection(SolutionConfigurationPlatforms) = preSolution
		Debug|Any CPU = Debug|Any CPU
		Release|Any CPU = Release|Any CPU
	EndGlobalSection
	GlobalSection(ProjectConfigurationPlatforms) = postSolution
		{0B6862F8-503C-4BC6-91E5-B51E8DF5A18D}.Debug|Any CPU.ActiveCfg = Debug|Any CPU
		{0B6862F8-503C-4BC6-91E5-B51E8DF5A18D}.Debug|Any CPU.Build.0 = Debug|Any CPU
		{0B6862F8-503C-4BC6-91E5-B51E8DF5A18D}.Release|Any CPU.ActiveCfg = Release|Any CPU
		{0B6862F8-503C-4BC6-91E5-B51E8DF5A18D}.Release|Any CPU.Build.0 = Release|Any CPU
		{B1520DBA-DB32-44A8-A0A1-705F0F3682C1}.Debug|Any CPU.ActiveCfg = Debug|Any CPU
		{B1520DBA-DB32-44A8-A0A1-705F0F3682C1}.Debug|Any CPU.Build.0 = Debug|Any CPU
		{B1520DBA-DB32-44A8-A0A1-705F0F3682C1}.Release|Any CPU.ActiveCfg = Release|Any CPU
		{B1520DBA-DB32-44A8-A0A1-705F0F3682C1}.Release|Any CPU.Build.0 = Release|Any CPU
		{BD329E03-0C13-4A35-8790-A593A693D8AE}.Debug|Any CPU.ActiveCfg = Debug|Any CPU
		{BD329E03-0C13-4A35-8790-A593A693D8AE}.Debug|Any CPU.Build.0 = Debug|Any CPU
		{BD329E03-0C13-4A35-8790-A593A693D8AE}.Release|Any CPU.ActiveCfg = Release|Any CPU
		{BD329E03-0C13-4A35-8790-A593A693D8AE}.Release|Any CPU.Build.0 = Release|Any CPU
		{9E7D4CDF-CED0-4414-BFE8-FECB637FC1F0}.Debug|Any CPU.ActiveCfg = Debug|Any CPU
		{9E7D4CDF-CED0-4414-BFE8-FECB637FC1F0}.Debug|Any CPU.Build.0 = Debug|Any CPU
		{9E7D4CDF-CED0-4414-BFE8-FECB637FC1F0}.Release|Any CPU.ActiveCfg = Release|Any CPU
		{9E7D4CDF-CED0-4414-BFE8-FECB637FC1F0}.Release|Any CPU.Build.0 = Release|Any CPU
		{CDDF1942-BC2B-4607-9D61-FF3187323027}.Debug|Any CPU.ActiveCfg = Debug|Any CPU
		{CDDF1942-BC2B-4607-9D61-FF3187323027}.Debug|Any CPU.Build.0 = Debug|Any CPU
		{CDDF1942-BC2B-4607-9D61-FF3187323027}.Release|Any CPU.ActiveCfg = Release|Any CPU
		{CDDF1942-BC2B-4607-9D61-FF3187323027}.Release|Any CPU.Build.0 = Release|Any CPU
		{B2154FAC-C480-4C75-B357-CAD009AA488A}.Debug|Any CPU.ActiveCfg = Debug|Any CPU
		{B2154FAC-C480-4C75-B357-CAD009AA488A}.Debug|Any CPU.Build.0 = Debug|Any CPU
		{B2154FAC-C480-4C75-B357-CAD009AA488A}.Release|Any CPU.ActiveCfg = Release|Any CPU
		{B2154FAC-C480-4C75-B357-CAD009AA488A}.Release|Any CPU.Build.0 = Release|Any CPU
		{67405377-7460-401D-8697-C155F2F6A7B1}.Debug|Any CPU.ActiveCfg = Debug|Any CPU
		{67405377-7460-401D-8697-C155F2F6A7B1}.Debug|Any CPU.Build.0 = Debug|Any CPU
		{67405377-7460-401D-8697-C155F2F6A7B1}.Release|Any CPU.ActiveCfg = Release|Any CPU
		{67405377-7460-401D-8697-C155F2F6A7B1}.Release|Any CPU.Build.0 = Release|Any CPU
		{4D2A808E-5096-4FAA-AC04-1A75287A572C}.Debug|Any CPU.ActiveCfg = Debug|Any CPU
		{4D2A808E-5096-4FAA-AC04-1A75287A572C}.Debug|Any CPU.Build.0 = Debug|Any CPU
		{4D2A808E-5096-4FAA-AC04-1A75287A572C}.Release|Any CPU.ActiveCfg = Release|Any CPU
		{4D2A808E-5096-4FAA-AC04-1A75287A572C}.Release|Any CPU.Build.0 = Release|Any CPU
	EndGlobalSection
	GlobalSection(SolutionProperties) = preSolution
		HideSolutionNode = FALSE
	EndGlobalSection
	GlobalSection(NestedProjects) = preSolution
		{85906E37-763F-4288-976D-BFA56E69B2CC} = {AED38CFA-F033-40A9-9609-F271A341376F}
		{4CADE7A6-32A6-4E9C-8B1E-AA8ADFD1899D} = {AED38CFA-F033-40A9-9609-F271A341376F}
		{CDDF1942-BC2B-4607-9D61-FF3187323027} = {30ED844E-A58B-40C1-81D0-859FE751EE43}
		{B2154FAC-C480-4C75-B357-CAD009AA488A} = {30ED844E-A58B-40C1-81D0-859FE751EE43}
		{67405377-7460-401D-8697-C155F2F6A7B1} = {30ED844E-A58B-40C1-81D0-859FE751EE43}
		{4D2A808E-5096-4FAA-AC04-1A75287A572C} = {30ED844E-A58B-40C1-81D0-859FE751EE43}
		{B1520DBA-DB32-44A8-A0A1-705F0F3682C1} = {EE5C928B-16F5-4693-975E-B2BD2B4CBBA6}
		{BD329E03-0C13-4A35-8790-A593A693D8AE} = {EE5C928B-16F5-4693-975E-B2BD2B4CBBA6}
		{9E7D4CDF-CED0-4414-BFE8-FECB637FC1F0} = {EE5C928B-16F5-4693-975E-B2BD2B4CBBA6}
		{84EBB391-0FFA-4F69-B5E5-32DFDB7261C4} = {B588BCC9-1FB6-4DB0-B58C-9E0ED8229F12}
		{1CC15A95-8D3B-4E36-9233-403FD8CFBEEF} = {84EBB391-0FFA-4F69-B5E5-32DFDB7261C4}
	EndGlobalSection
EndGlobal
